<?xml version="1.0" encoding="utf-8"?>
<Project ToolsVersion="4.0" xmlns="http://schemas.microsoft.com/developer/msbuild/2003">
  <ItemGroup>
    <ClCompile Include="main.cpp" />
    <ClCompile Include="imgui.cpp">
      <Filter>ImGuiDependencies</Filter>
    </ClCompile>
    <ClCompile Include="imgui_demo.cpp">
      <Filter>ImGuiDependencies</Filter>
    </ClCompile>
    <ClCompile Include="imgui_draw.cpp">
      <Filter>ImGuiDependencies</Filter>
    </ClCompile>
    <ClCompile Include="imgui_impl_dx9.cpp">
      <Filter>ImGuiDependencies</Filter>
    </ClCompile>
    <ClCompile Include="imgui_impl_win32.cpp">
      <Filter>ImGuiDependencies</Filter>
    </ClCompile>
    <ClCompile Include="imgui_tables.cpp">
      <Filter>ImGuiDependencies</Filter>
    </ClCompile>
    <ClCompile Include="imgui_widgets.cpp">
      <Filter>ImGuiDependencies</Filter>
    </ClCompile>
    <ClCompile Include="FunctionCaller.cpp">
      <Filter>MagicVX\CPPs</Filter>
    </ClCompile>
    <ClCompile Include="GameBoard.cpp">
      <Filter>MagicVX\CPPs</Filter>
    </ClCompile>
    <ClCompile Include="GameManipulator.cpp">
      <Filter>MagicVX\CPPs</Filter>
    </ClCompile>
    <ClCompile Include="GameThreading.cpp">
      <Filter>MagicVX\CPPs</Filter>
    </ClCompile>
    <ClCompile Include="GearHuntManager.cpp">
      <Filter>MagicVX\CPPs</Filter>
    </ClCompile>
    <ClCompile Include="GearHuntObject.cpp">
      <Filter>MagicVX\CPPs</Filter>
    </ClCompile>
    <ClCompile Include="Global.cpp">
      <Filter>MagicVX\CPPs</Filter>
    </ClCompile>
    <ClCompile Include="PipeFunction.cpp">
      <Filter>MagicVX\CPPs</Filter>
    </ClCompile>
    <ClCompile Include="UserSettings.cpp">
      <Filter>MagicVX\CPPs</Filter>
    </ClCompile>
    <ClCompile Include="HWVX_Player.cpp">
      <Filter>MagicVX\HWVX_Classes</Filter>
    </ClCompile>
    <ClCompile Include="HWVX_Generic.cpp">
      <Filter>MagicVX\HWVX_Classes</Filter>
    </ClCompile>
    <ClCompile Include="HWVX_Vehicle.cpp">
      <Filter>MagicVX\HWVX_Classes</Filter>
    </ClCompile>
    <ClCompile Include="XPC_Handle.cpp">
      <Filter>MagicVX\CPPs</Filter>
    </ClCompile>
  </ItemGroup>
  <ItemGroup>
    <ClInclude Include="imgui.h">
      <Filter>ImGuiDependencies</Filter>
    </ClInclude>
    <ClInclude Include="imgui_impl_dx9.h">
      <Filter>ImGuiDependencies</Filter>
    </ClInclude>
    <ClInclude Include="imgui_impl_win32.h">
      <Filter>ImGuiDependencies</Filter>
    </ClInclude>
    <ClInclude Include="imgui_internal.h">
      <Filter>ImGuiDependencies</Filter>
    </ClInclude>
    <ClInclude Include="imstb_rectpack.h">
      <Filter>ImGuiDependencies</Filter>
    </ClInclude>
    <ClInclude Include="imstb_textedit.h">
      <Filter>ImGuiDependencies</Filter>
    </ClInclude>
    <ClInclude Include="imstb_truetype.h">
      <Filter>ImGuiDependencies</Filter>
    </ClInclude>
    <ClInclude Include="CLSettings.h">
      <Filter>MagicVX\Headers</Filter>
    </ClInclude>
    <ClInclude Include="Funcs.h">
      <Filter>MagicVX\Headers</Filter>
    </ClInclude>
    <ClInclude Include="FunctionCaller.h">
      <Filter>MagicVX\Headers</Filter>
    </ClInclude>
    <ClInclude Include="GameBoard.h">
      <Filter>MagicVX\Headers</Filter>
    </ClInclude>
    <ClInclude Include="GameManipulator.h">
      <Filter>MagicVX\Headers</Filter>
    </ClInclude>
    <ClInclude Include="GameThreading.h">
      <Filter>MagicVX\Headers</Filter>
    </ClInclude>
    <ClInclude Include="GearHuntManager.h">
      <Filter>MagicVX\Headers</Filter>
    </ClInclude>
    <ClInclude Include="GearHuntObject.h">
      <Filter>MagicVX\Headers</Filter>
    </ClInclude>
    <ClInclude Include="Global.h">
      <Filter>MagicVX\Headers</Filter>
    </ClInclude>
    <ClInclude Include="PipeFunction.h">
      <Filter>MagicVX\Headers</Filter>
    </ClInclude>
    <ClInclude Include="UserSettings.h">
      <Filter>MagicVX\Headers</Filter>
    </ClInclude>
    <ClInclude Include="imconfig.h">
      <Filter>ImGuiDependencies</Filter>
    </ClInclude>
    <ClInclude Include="HWVX_Vehicle.h">
      <Filter>MagicVX\HWVX_Classes</Filter>
    </ClInclude>
    <ClInclude Include="XPC_Layout.h">
      <Filter>MagicVX\HWVX_Classes</Filter>
    </ClInclude>
    <ClInclude Include="HWVX_Generic.h">
      <Filter>MagicVX\HWVX_Classes</Filter>
    </ClInclude>
    <ClInclude Include="HWVX_Player.h">
      <Filter>MagicVX\HWVX_Classes</Filter>
    </ClInclude>
    <ClInclude Include="XPC_Handle.h">
      <Filter>MagicVX\Headers</Filter>
    </ClInclude>
    <ClInclude Include="SimpleIni.h">
      <Filter>ImGuiDependencies</Filter>
    </ClInclude>
  </ItemGroup>
  <ItemGroup>
    <Filter Include="ImGuiDependencies">
      <UniqueIdentifier>{8e744fe0-0e60-4638-b3c6-1ccc662c65aa}</UniqueIdentifier>
    </Filter>
    <Filter Include="MagicVX">
      <UniqueIdentifier>{9632b9a4-a38a-4f76-a179-99f0d25f4372}</UniqueIdentifier>
    </Filter>
    <Filter Include="MagicVX\Headers">
      <UniqueIdentifier>{0f892bbb-a7cb-49ad-b2e8-2d7583801396}</UniqueIdentifier>
    </Filter>
    <Filter Include="MagicVX\CPPs">
      <UniqueIdentifier>{aab464ef-4d65-4e47-b460-cf6f812adf98}</UniqueIdentifier>
    </Filter>
    <Filter Include="MagicVX\HWVX_Classes">
      <UniqueIdentifier>{42d674db-4f25-4967-a1f5-828b60d7cde0}</UniqueIdentifier>
    </Filter>
  </ItemGroup>
  <ItemGroup>
    <Natvis Include="imgui.natvis">
      <Filter>ImGuiDependencies</Filter>
    </Natvis>
  </ItemGroup>
</Project>